// !$*UTF8*$!
{
	archiveVersion = 1;
	classes = {
	};
	objectVersion = 50;
	objects = {

/* Begin PBXBuildFile section */
		644FDD3020C46BDC0028979D /* AppDelegate.swift in Sources */ = {isa = PBXBuildFile; fileRef = 644FDD2F20C46BDC0028979D /* AppDelegate.swift */; };
		644FDD3220C46BDC0028979D /* ToDoListViewController.swift in Sources */ = {isa = PBXBuildFile; fileRef = 644FDD3120C46BDC0028979D /* ToDoListViewController.swift */; };
		644FDD3520C46BDC0028979D /* Main.storyboard in Resources */ = {isa = PBXBuildFile; fileRef = 644FDD3320C46BDC0028979D /* Main.storyboard */; };
		644FDD3720C46BDD0028979D /* Assets.xcassets in Resources */ = {isa = PBXBuildFile; fileRef = 644FDD3620C46BDD0028979D /* Assets.xcassets */; };
		644FDD3A20C46BDD0028979D /* LaunchScreen.storyboard in Resources */ = {isa = PBXBuildFile; fileRef = 644FDD3820C46BDD0028979D /* LaunchScreen.storyboard */; };
		6498945F20C725920067E6C3 /* Item.swift in Sources */ = {isa = PBXBuildFile; fileRef = 6498945E20C725920067E6C3 /* Item.swift */; };
/* End PBXBuildFile section */

/* Begin PBXFileReference section */
		644FDD2C20C46BDC0028979D /* Todoey.app */ = {isa = PBXFileReference; explicitFileType = wrapper.application; includeInIndex = 0; path = Todoey.app; sourceTree = BUILT_PRODUCTS_DIR; };
		644FDD2F20C46BDC0028979D /* AppDelegate.swift */ = {isa = PBXFileReference; lastKnownFileType = sourcecode.swift; path = AppDelegate.swift; sourceTree = "<group>"; };
		644FDD3120C46BDC0028979D /* ToDoListViewController.swift */ = {isa = PBXFileReference; lastKnownFileType = sourcecode.swift; path = ToDoListViewController.swift; sourceTree = "<group>"; };
		644FDD3420C46BDC0028979D /* Base */ = {isa = PBXFileReference; lastKnownFileType = file.storyboard; name = Base; path = Base.lproj/Main.storyboard; sourceTree = "<group>"; };
		644FDD3620C46BDD0028979D /* Assets.xcassets */ = {isa = PBXFileReference; lastKnownFileType = folder.assetcatalog; path = Assets.xcassets; sourceTree = "<group>"; };
		644FDD3920C46BDD0028979D /* Base */ = {isa = PBXFileReference; lastKnownFileType = file.storyboard; name = Base; path = Base.lproj/LaunchScreen.storyboard; sourceTree = "<group>"; };
		644FDD3B20C46BDE0028979D /* Info.plist */ = {isa = PBXFileReference; lastKnownFileType = text.plist.xml; path = Info.plist; sourceTree = "<group>"; };
		6498945E20C725920067E6C3 /* Item.swift */ = {isa = PBXFileReference; lastKnownFileType = sourcecode.swift; path = Item.swift; sourceTree = "<group>"; };
/* End PBXFileReference section */

/* Begin PBXFrameworksBuildPhase section */
		644FDD2920C46BDC0028979D /* Frameworks */ = {
			isa = PBXFrameworksBuildPhase;
			buildActionMask = 2147483647;
			files = (
			);
			runOnlyForDeploymentPostprocessing = 0;
		};
/* End PBXFrameworksBuildPhase section */

/* Begin PBXGroup section */
		644FDD2320C46BDC0028979D = {
			isa = PBXGroup;
			children = (
				644FDD2E20C46BDC0028979D /* Todoey */,
				644FDD2D20C46BDC0028979D /* Products */,
			);
			sourceTree = "<group>";
		};
		644FDD2D20C46BDC0028979D /* Products */ = {
			isa = PBXGroup;
			children = (
				644FDD2C20C46BDC0028979D /* Todoey.app */,
			);
			name = Products;
			sourceTree = "<group>";
		};
		644FDD2E20C46BDC0028979D /* Todoey */ = {
			isa = PBXGroup;
			children = (
				644FDD2F20C46BDC0028979D /* AppDelegate.swift */,
				6498946020C725AA0067E6C3 /* Model */,
				6498946220C725E10067E6C3 /* Views */,
				6498946120C725C60067E6C3 /* Controllers */,
				6498946320C725E80067E6C3 /* Asset Files */,
				644FDD3B20C46BDE0028979D /* Info.plist */,
			);
			path = Todoey;
			sourceTree = "<group>";
		};
		6498946020C725AA0067E6C3 /* Model */ = {
			isa = PBXGroup;
			children = (
				6498945E20C725920067E6C3 /* Item.swift */,
			);
			path = Model;
			sourceTree = "<group>";
		};
		6498946120C725C60067E6C3 /* Controllers */ = {
			isa = PBXGroup;
			children = (
				644FDD3120C46BDC0028979D /* ToDoListViewController.swift */,
			);
			path = Controllers;
			sourceTree = "<group>";
		};
		6498946220C725E10067E6C3 /* Views */ = {
			isa = PBXGroup;
			children = (
				644FDD3320C46BDC0028979D /* Main.storyboard */,
			);
			path = Views;
			sourceTree = "<group>";
		};
		6498946320C725E80067E6C3 /* Asset Files */ = {
			isa = PBXGroup;
			children = (
				644FDD3620C46BDD0028979D /* Assets.xcassets */,
				644FDD3820C46BDD0028979D /* LaunchScreen.storyboard */,
			);
			path = "Asset Files";
			sourceTree = "<group>";
		};
/* End PBXGroup section */

/* Begin PBXNativeTarget section */
		644FDD2B20C46BDC0028979D /* Todoey */ = {
			isa = PBXNativeTarget;
			buildConfigurationList = 644FDD3E20C46BDE0028979D /* Build configuration list for PBXNativeTarget "Todoey" */;
			buildPhases = (
				644FDD2820C46BDC0028979D /* Sources */,
				644FDD2920C46BDC0028979D /* Frameworks */,
				644FDD2A20C46BDC0028979D /* Resources */,
			);
			buildRules = (
			);
			dependencies = (
			);
			name = Todoey;
			productName = Todoey;
			productReference = 644FDD2C20C46BDC0028979D /* Todoey.app */;
			productType = "com.apple.product-type.application";
		};
/* End PBXNativeTarget section */

/* Begin PBXProject section */
		644FDD2420C46BDC0028979D /* Project object */ = {
			isa = PBXProject;
			attributes = {
				LastSwiftUpdateCheck = 0940;
				LastUpgradeCheck = 0940;
				ORGANIZATIONNAME = "Joseph Metzger";
				TargetAttributes = {
					644FDD2B20C46BDC0028979D = {
						CreatedOnToolsVersion = 9.4;
					};
				};
			};
			buildConfigurationList = 644FDD2720C46BDC0028979D /* Build configuration list for PBXProject "Todoey" */;
			compatibilityVersion = "Xcode 9.3";
			developmentRegion = en;
			hasScannedForEncodings = 0;
			knownRegions = (
				en,
				Base,
			);
			mainGroup = 644FDD2320C46BDC0028979D;
			productRefGroup = 644FDD2D20C46BDC0028979D /* Products */;
			projectDirPath = "";
			projectRoot = "";
			targets = (
				644FDD2B20C46BDC0028979D /* Todoey */,
			);
		};
/* End PBXProject section */

/* Begin PBXResourcesBuildPhase section */
		644FDD2A20C46BDC0028979D /* Resources */ = {
			isa = PBXResourcesBuildPhase;
			buildActionMask = 2147483647;
			files = (
				644FDD3A20C46BDD0028979D /* LaunchScreen.storyboard in Resources */,
				644FDD3720C46BDD0028979D /* Assets.xcassets in Resources */,
				644FDD3520C46BDC0028979D /* Main.storyboard in Resources */,
			);
			runOnlyForDeploymentPostprocessing = 0;
		};
/* End PBXResourcesBuildPhase section */

/* Begin PBXSourcesBuildPhase section */
		644FDD2820C46BDC0028979D /* Sources */ = {
			isa = PBXSourcesBuildPhase;
			buildActionMask = 2147483647;
			files = (
				644FDD3220C46BDC0028979D /* ToDoListViewController.swift in Sources */,
				6498945F20C725920067E6C3 /* Item.swift in Sources */,
				644FDD3020C46BDC0028979D /* AppDelegate.swift in Sources */,
			);
			runOnlyForDeploymentPostprocessing = 0;
		};
/* End PBXSourcesBuildPhase section */

/* Begin PBXVariantGroup section */
		644FDD3320C46BDC0028979D /* Main.storyboard */ = {
			isa = PBXVariantGroup;
			children = (
				644FDD3420C46BDC0028979D /* Base */,
			);
			name = Main.storyboard;
			sourceTree = "<group>";
		};
		644FDD3820C46BDD0028979D /* LaunchScreen.storyboard */ = {
			isa = PBXVariantGroup;
			children = (
				644FDD3920C46BDD0028979D /* Base */,
			);
			name = LaunchScreen.storyboard;
			sourceTree = "<group>";
		};
/* End PBXVariantGroup section */

/* Begin XCBuildConfiguration section */
		644FDD3C20C46BDE0028979D /* Debug */ = {
			isa = XCBuildConfiguration;
			buildSettings = {
				ALWAYS_SEARCH_USER_PATHS = NO;
				CLANG_ANALYZER_NONNULL = YES;
				CLANG_ANALYZER_NUMBER_OBJECT_CONVERSION = YES_AGGRESSIVE;
				CLANG_CXX_LANGUAGE_STANDARD = "gnu++14";
				CLANG_CXX_LIBRARY = "libc++";
				CLANG_ENABLE_MODULES = YES;
				CLANG_ENABLE_OBJC_ARC = YES;
				CLANG_ENABLE_OBJC_WEAK = YES;
				CLANG_WARN_BLOCK_CAPTURE_AUTORELEASING = YES;
				CLANG_WARN_BOOL_CONVERSION = YES;
				CLANG_WARN_COMMA = YES;
				CLANG_WARN_CONSTANT_CONVERSION = YES;
				CLANG_WARN_DEPRECATED_OBJC_IMPLEMENTATIONS = YES;
				CLANG_WARN_DIRECT_OBJC_ISA_USAGE = YES_ERROR;
				CLANG_WARN_DOCUMENTATION_COMMENTS = YES;
				CLANG_WARN_EMPTY_BODY = YES;
				CLANG_WARN_ENUM_CONVERSION = YES;
				CLANG_WARN_INFINITE_RECURSION = YES;
				CLANG_WARN_INT_CONVERSION = YES;
				CLANG_WARN_NON_LITERAL_NULL_CONVERSION = YES;
				CLANG_WARN_OBJC_IMPLICIT_RETAIN_SELF = YES;
				CLANG_WARN_OBJC_LITERAL_CONVERSION = YES;
				CLANG_WARN_OBJC_ROOT_CLASS = YES_ERROR;
				CLANG_WARN_RANGE_LOOP_ANALYSIS = YES;
				CLANG_WARN_STRICT_PROTOTYPES = YES;
				CLANG_WARN_SUSPICIOUS_MOVE = YES;
				CLANG_WARN_UNGUARDED_AVAILABILITY = YES_AGGRESSIVE;
				CLANG_WARN_UNREACHABLE_CODE = YES;
				CLANG_WARN__DUPLICATE_METHOD_MATCH = YES;
				CODE_SIGN_IDENTITY = "iPhone Developer";
				COPY_PHASE_STRIP = NO;
				DEBUG_INFORMATION_FORMAT = dwarf;
				ENABLE_STRICT_OBJC_MSGSEND = YES;
				ENABLE_TESTABILITY = YES;
				GCC_C_LANGUAGE_STANDARD = gnu11;
				GCC_DYNAMIC_NO_PIC = NO;
				GCC_NO_COMMON_BLOCKS = YES;
				GCC_OPTIMIZATION_LEVEL = 0;
				GCC_PREPROCESSOR_DEFINITIONS = (
					"DEBUG=1",
					"$(inherited)",
				);
				GCC_WARN_64_TO_32_BIT_CONVERSION = YES;
				GCC_WARN_ABOUT_RETURN_TYPE = YES_ERROR;
				GCC_WARN_UNDECLARED_SELECTOR = YES;
				GCC_WARN_UNINITIALIZED_AUTOS = YES_AGGRESSIVE;
				GCC_WARN_UNUSED_FUNCTION = YES;
				GCC_WARN_UNUSED_VARIABLE = YES;
				IPHONEOS_DEPLOYMENT_TARGET = 11.4;
				MTL_ENABLE_DEBUG_INFO = YES;
				ONLY_ACTIVE_ARCH = YES;
				SDKROOT = iphoneos;
				SWIFT_ACTIVE_COMPILATION_CONDITIONS = DEBUG;
				SWIFT_OPTIMIZATION_LEVEL = "-Onone";
			};
			name = Debug;
		};
		644FDD3D20C46BDE0028979D /* Release */ = {
			isa = XCBuildConfiguration;
			buildSettings = {
				ALWAYS_SEARCH_USER_PATHS = NO;
				CLANG_ANALYZER_NONNULL = YES;
				CLANG_ANALYZER_NUMBER_OBJECT_CONVERSION = YES_AGGRESSIVE;
				CLANG_CXX_LANGUAGE_STANDARD = "gnu++14";
				CLANG_CXX_LIBRARY = "libc++";
				CLANG_ENABLE_MODULES = YES;
				CLANG_ENABLE_OBJC_ARC = YES;
				CLANG_ENABLE_OBJC_WEAK = YES;
				CLANG_WARN_BLOCK_CAPTURE_AUTORELEASING = YES;
				CLANG_WARN_BOOL_CONVERSION = YES;
				CLANG_WARN_COMMA = YES;
				CLANG_WARN_CONSTANT_CONVERSION = YES;
				CLANG_WARN_DEPRECATED_OBJC_IMPLEMENTATIONS = YES;
				CLANG_WARN_DIRECT_OBJC_ISA_USAGE = YES_ERROR;
				CLANG_WARN_DOCUMENTATION_COMMENTS = YES;
				CLANG_WARN_EMPTY_BODY = YES;
				CLANG_WARN_ENUM_CONVERSION = YES;
				CLANG_WARN_INFINITE_RECURSION = YES;
				CLANG_WARN_INT_CONVERSION = YES;
				CLANG_WARN_NON_LITERAL_NULL_CONVERSION = YES;
				CLANG_WARN_OBJC_IMPLICIT_RETAIN_SELF = YES;
				CLANG_WARN_OBJC_LITERAL_CONVERSION = YES;
				CLANG_WARN_OBJC_ROOT_CLASS = YES_ERROR;
				CLANG_WARN_RANGE_LOOP_ANALYSIS = YES;
				CLANG_WARN_STRICT_PROTOTYPES = YES;
				CLANG_WARN_SUSPICIOUS_MOVE = YES;
				CLANG_WARN_UNGUARDED_AVAILABILITY = YES_AGGRESSIVE;
				CLANG_WARN_UNREACHABLE_CODE = YES;
				CLANG_WARN__DUPLICATE_METHOD_MATCH = YES;
				CODE_SIGN_IDENTITY = "iPhone Developer";
				COPY_PHASE_STRIP = NO;
				DEBUG_INFORMATION_FORMAT = "dwarf-with-dsym";
				ENABLE_NS_ASSERTIONS = NO;
				ENABLE_STRICT_OBJC_MSGSEND = YES;
				GCC_C_LANGUAGE_STANDARD = gnu11;
				GCC_NO_COMMON_BLOCKS = YES;
				GCC_WARN_64_TO_32_BIT_CONVERSION = YES;
				GCC_WARN_ABOUT_RETURN_TYPE = YES_ERROR;
				GCC_WARN_UNDECLARED_SELECTOR = YES;
				GCC_WARN_UNINITIALIZED_AUTOS = YES_AGGRESSIVE;
				GCC_WARN_UNUSED_FUNCTION = YES;
				GCC_WARN_UNUSED_VARIABLE = YES;
				IPHONEOS_DEPLOYMENT_TARGET = 11.4;
				MTL_ENABLE_DEBUG_INFO = NO;
				SDKROOT = iphoneos;
				SWIFT_COMPILATION_MODE = wholemodule;
				SWIFT_OPTIMIZATION_LEVEL = "-O";
				VALIDATE_PRODUCT = YES;
			};
			name = Release;
		};
		644FDD3F20C46BDE0028979D /* Debug */ = {
			isa = XCBuildConfiguration;
			buildSettings = {
				ASSETCATALOG_COMPILER_APPICON_NAME = AppIcon;
				CODE_SIGN_STYLE = Automatic;
				DEVELOPMENT_TEAM = 53P993MXT5;
				INFOPLIST_FILE = Todoey/Info.plist;
				LD_RUNPATH_SEARCH_PATHS = (
					"$(inherited)",
					"@executable_path/Frameworks",
				);
				PRODUCT_BUNDLE_IDENTIFIER = com.josephmetzger.Todoey;
				PRODUCT_NAME = "$(TARGET_NAME)";
				SWIFT_VERSION = 4.0;
				TARGETED_DEVICE_FAMILY = "1,2";
			};
			name = Debug;
		};
		644FDD4020C46BDE0028979D /* Release */ = {
			isa = XCBuildConfiguration;
			buildSettings = {
				ASSETCATALOG_COMPILER_APPICON_NAME = AppIcon;
				CODE_SIGN_STYLE = Automatic;
				DEVELOPMENT_TEAM = 53P993MXT5;
				INFOPLIST_FILE = Todoey/Info.plist;
				LD_RUNPATH_SEARCH_PATHS = (
					"$(inherited)",
					"@executable_path/Frameworks",
				);
				PRODUCT_BUNDLE_IDENTIFIER = com.josephmetzger.Todoey;
				PRODUCT_NAME = "$(TARGET_NAME)";
				SWIFT_VERSION = 4.0;
				TARGETED_DEVICE_FAMILY = "1,2";
			};
			name = Release;
		};
/* End XCBuildConfiguration section */

/* Begin XCConfigurationList section */
		644FDD2720C46BDC0028979D /* Build configuration list for PBXProject "Todoey" */ = {
			isa = XCConfigurationList;
			buildConfigurations = (
				644FDD3C20C46BDE0028979D /* Debug */,
				644FDD3D20C46BDE0028979D /* Release */,
			);
			defaultConfigurationIsVisible = 0;
			defaultConfigurationName = Release;
		};
		644FDD3E20C46BDE0028979D /* Build configuration list for PBXNativeTarget "Todoey" */ = {
			isa = XCConfigurationList;
			buildConfigurations = (
				644FDD3F20C46BDE0028979D /* Debug */,
				644FDD4020C46BDE0028979D /* Release */,
			);
			defaultConfigurationIsVisible = 0;
			defaultConfigurationName = Release;
		};
/* End XCConfigurationList section */
	};
	rootObject = 644FDD2420C46BDC0028979D /* Project object */;
}
